Microsoft Visual Studio Solution File, Format Version 12.00
# Visual Studio Version 17
VisualStudioVersion = 17.5.2.0
MinimumVisualStudioVersion = 10.0.40219.1
Project("{FAE04EC0-301F-11D3-BF4B-00C04F79EFBC}") = "ArchitecturalDreamMachine", "ArchitecturalDreamMachine\ArchitecturalDreamMachine.csproj", "{F3BEC506-A822-6EA0-7685-64E7757081AE}"
EndProject
Project("{2150E333-8FDC-42A3-9474-1A3956D46DE8}") = "ArchitecturalDreamMachineBackend", "ArchitecturalDreamMachineBackend", "{8107732E-F8B4-B06A-AD94-B7CB96AEA479}"
EndProject
Project("{FAE04EC0-301F-11D3-BF4B-00C04F79EFBC}") = "ArchitecturalDreamMachineBackend", "ArchitecturalDreamMachineBackend\ArchitecturalDreamMachineBackend\ArchitecturalDreamMachineBackend.csproj", "{AB83C77E-CA18-8BBA-A172-C3CC5CD67F46}"
EndProject
Global
	GlobalSection(SolutionConfigurationPlatforms) = preSolution
		Debug|Any CPU = Debug|Any CPU
		Release|Any CPU = Release|Any CPU
	EndGlobalSection
	GlobalSection(ProjectConfigurationPlatforms) = postSolution
		{F3BEC506-A822-6EA0-7685-64E7757081AE}.Debug|Any CPU.ActiveCfg = Debug|Any CPU
		{F3BEC506-A822-6EA0-7685-64E7757081AE}.Debug|Any CPU.Build.0 = Debug|Any CPU
		{F3BEC506-A822-6EA0-7685-64E7757081AE}.Release|Any CPU.ActiveCfg = Release|Any CPU
		{F3BEC506-A822-6EA0-7685-64E7757081AE}.Release|Any CPU.Build.0 = Release|Any CPU
		{AB83C77E-CA18-8BBA-A172-C3CC5CD67F46}.Debug|Any CPU.ActiveCfg = Debug|Any CPU
		{AB83C77E-CA18-8BBA-A172-C3CC5CD67F46}.Debug|Any CPU.Build.0 = Debug|Any CPU
		{AB83C77E-CA18-8BBA-A172-C3CC5CD67F46}.Release|Any CPU.ActiveCfg = Release|Any CPU
		{AB83C77E-CA18-8BBA-A172-C3CC5CD67F46}.Release|Any CPU.Build.0 = Release|Any CPU
	EndGlobalSection
	GlobalSection(SolutionProperties) = preSolution
		HideSolutionNode = FALSE
	EndGlobalSection
	GlobalSection(NestedProjects) = preSolution
		{AB83C77E-CA18-8BBA-A172-C3CC5CD67F46} = {8107732E-F8B4-B06A-AD94-B7CB96AEA479}
	EndGlobalSection
	GlobalSection(ExtensibilityGlobals) = postSolution
		SolutionGuid = {76DAA983-CFB2-4964-9AEF-7215D6E501E7}
	EndGlobalSection
EndGlobal
