Microsoft Visual Studio Solution File, Format Version 12.00
# Visual Studio Version 17
VisualStudioVersion = 17.5.2.0
MinimumVisualStudioVersion = 10.0.40219.1
Project("{FAE04EC0-301F-11D3-BF4B-00C04F79EFBC}") = "ArchitecturalDreamMachine", "ArchitecturalDreamMachine.csproj", "{1CEB854E-4D50-DFFB-DB9D-A473FCFB309B}"
EndProject
Global
	GlobalSection(SolutionConfigurationPlatforms) = preSolution
		Debug|Any CPU = Debug|Any CPU
		Release|Any CPU = Release|Any CPU
	EndGlobalSection
	GlobalSection(ProjectConfigurationPlatforms) = postSolution
		{1CEB854E-4D50-DFFB-DB9D-A473FCFB309B}.Debug|Any CPU.ActiveCfg = Debug|Any CPU
		{1CEB854E-4D50-DFFB-DB9D-A473FCFB309B}.Debug|Any CPU.Build.0 = Debug|Any CPU
		{1CEB854E-4D50-DFFB-DB9D-A473FCFB309B}.Release|Any CPU.ActiveCfg = Release|Any CPU
		{1CEB854E-4D50-DFFB-DB9D-A473FCFB309B}.Release|Any CPU.Build.0 = Release|Any CPU
	EndGlobalSection
	GlobalSection(SolutionProperties) = preSolution
		HideSolutionNode = FALSE
	EndGlobalSection
	GlobalSection(ExtensibilityGlobals) = postSolution
		SolutionGuid = {649C3D41-622E-44D4-9FA1-9097DC348E8B}
	EndGlobalSection
EndGlobal
